
Microsoft Visual Studio Solution File, Format Version 12.00
# Visual Studio Version 17
VisualStudioVersion = 17.14.36518.9 d17.14
MinimumVisualStudioVersion = 10.0.40219.1
Project("{9A19103F-16F7-4668-BE54-9A1E7A4F7556}") = "Dreamland.WPF.DynamicSkin", "Codes\Dreamland.WPF.DynamicSkin\Dreamland.WPF.DynamicSkin.csproj", "{06454537-3672-4775-8104-FAC71C796A38}"
EndProject
Project("{FAE04EC0-301F-11D3-BF4B-00C04F79EFBC}") = "Dreamland.WPF.DynamicSkin.Demo", "Codes\Dreamland.WPF.DynamicSkin.Demo\Dreamland.WPF.DynamicSkin.Demo.csproj", "{962538A9-CEF5-44E1-49D5-A313515439A3}"
EndProject
Global
	GlobalSection(SolutionConfigurationPlatforms) = preSolution
		Debug|Any CPU = Debug|Any CPU
		Release|Any CPU = Release|Any CPU
	EndGlobalSection
	GlobalSection(ProjectConfigurationPlatforms) = postSolution
		{06454537-3672-4775-8104-FAC71C796A38}.Debug|Any CPU.ActiveCfg = Debug|Any CPU
		{06454537-3672-4775-8104-FAC71C796A38}.Debug|Any CPU.Build.0 = Debug|Any CPU
		{06454537-3672-4775-8104-FAC71C796A38}.Release|Any CPU.ActiveCfg = Release|Any CPU
		{06454537-3672-4775-8104-FAC71C796A38}.Release|Any CPU.Build.0 = Release|Any CPU
		{962538A9-CEF5-44E1-49D5-A313515439A3}.Debug|Any CPU.ActiveCfg = Debug|Any CPU
		{962538A9-CEF5-44E1-49D5-A313515439A3}.Debug|Any CPU.Build.0 = Debug|Any CPU
		{962538A9-CEF5-44E1-49D5-A313515439A3}.Release|Any CPU.ActiveCfg = Release|Any CPU
		{962538A9-CEF5-44E1-49D5-A313515439A3}.Release|Any CPU.Build.0 = Release|Any CPU
	EndGlobalSection
	GlobalSection(SolutionProperties) = preSolution
		HideSolutionNode = FALSE
	EndGlobalSection
	GlobalSection(ExtensibilityGlobals) = postSolution
		SolutionGuid = {13C039ED-7D78-428A-9C9A-76A8FE944265}
	EndGlobalSection
EndGlobal
